
Microsoft Visual Studio Solution File, Format Version 12.00
# Visual Studio Version 16
VisualStudioVersion = 16.0.31624.102
MinimumVisualStudioVersion = 10.0.40219.1
Project("{FAE04EC0-301F-11D3-BF4B-00C04F79EFBC}") = "Zaytseva.Lab8.Ex1", "Zaytseva.Lab8.Ex1\Zaytseva.Lab8.Ex1.csproj", "{A27D7D48-6FEE-4D59-A7E2-C6BA1C73CA2E}"
EndProject
Project("{FAE04EC0-301F-11D3-BF4B-00C04F79EFBC}") = "Zaytseva.Lab8.Ex2", "Zaytseva.Lab8.Ex2\Zaytseva.Lab8.Ex2.csproj", "{66096596-3EF3-4E74-BA27-34FC8E309B47}"
EndProject
Project("{FAE04EC0-301F-11D3-BF4B-00C04F79EFBC}") = "Zaytseva.Lab8.Ex3", "Zaytseva.Lab8.Ex3\Zaytseva.Lab8.Ex3.csproj", "{CA28553B-043A-43F8-A6E9-F35D9BCE2595}"
EndProject
Global
	GlobalSection(SolutionConfigurationPlatforms) = preSolution
		Debug|Any CPU = Debug|Any CPU
		Release|Any CPU = Release|Any CPU
	EndGlobalSection
	GlobalSection(ProjectConfigurationPlatforms) = postSolution
		{A27D7D48-6FEE-4D59-A7E2-C6BA1C73CA2E}.Debug|Any CPU.ActiveCfg = Debug|Any CPU
		{A27D7D48-6FEE-4D59-A7E2-C6BA1C73CA2E}.Debug|Any CPU.Build.0 = Debug|Any CPU
		{A27D7D48-6FEE-4D59-A7E2-C6BA1C73CA2E}.Release|Any CPU.ActiveCfg = Release|Any CPU
		{A27D7D48-6FEE-4D59-A7E2-C6BA1C73CA2E}.Release|Any CPU.Build.0 = Release|Any CPU
		{66096596-3EF3-4E74-BA27-34FC8E309B47}.Debug|Any CPU.ActiveCfg = Debug|Any CPU
		{66096596-3EF3-4E74-BA27-34FC8E309B47}.Debug|Any CPU.Build.0 = Debug|Any CPU
		{66096596-3EF3-4E74-BA27-34FC8E309B47}.Release|Any CPU.ActiveCfg = Release|Any CPU
		{66096596-3EF3-4E74-BA27-34FC8E309B47}.Release|Any CPU.Build.0 = Release|Any CPU
		{CA28553B-043A-43F8-A6E9-F35D9BCE2595}.Debug|Any CPU.ActiveCfg = Debug|Any CPU
		{CA28553B-043A-43F8-A6E9-F35D9BCE2595}.Debug|Any CPU.Build.0 = Debug|Any CPU
		{CA28553B-043A-43F8-A6E9-F35D9BCE2595}.Release|Any CPU.ActiveCfg = Release|Any CPU
		{CA28553B-043A-43F8-A6E9-F35D9BCE2595}.Release|Any CPU.Build.0 = Release|Any CPU
	EndGlobalSection
	GlobalSection(SolutionProperties) = preSolution
		HideSolutionNode = FALSE
	EndGlobalSection
	GlobalSection(ExtensibilityGlobals) = postSolution
		SolutionGuid = {564E3007-D0DE-4AEE-9F4C-0908A8EF83E3}
	EndGlobalSection
EndGlobal
